
Microsoft Visual Studio Solution File, Format Version 12.00
# Visual Studio Version 17
VisualStudioVersion = 17.13.35806.99 d17.13
MinimumVisualStudioVersion = 10.0.40219.1
Project("{FAE04EC0-301F-11D3-BF4B-00C04F79EFBC}") = "O.O", "O.O.csproj", "{54CE2C2B-F8C8-48B4-B617-EDA5B8B0376E}"
EndProject
Global
	GlobalSection(SolutionConfigurationPlatforms) = preSolution
		Debug|Any CPU = Debug|Any CPU
		Release|Any CPU = Release|Any CPU
	EndGlobalSection
	GlobalSection(ProjectConfigurationPlatforms) = postSolution
		{54CE2C2B-F8C8-48B4-B617-EDA5B8B0376E}.Debug|Any CPU.ActiveCfg = Debug|Any CPU
		{54CE2C2B-F8C8-48B4-B617-EDA5B8B0376E}.Debug|Any CPU.Build.0 = Debug|Any CPU
		{54CE2C2B-F8C8-48B4-B617-EDA5B8B0376E}.Release|Any CPU.ActiveCfg = Release|Any CPU
		{54CE2C2B-F8C8-48B4-B617-EDA5B8B0376E}.Release|Any CPU.Build.0 = Release|Any CPU
	EndGlobalSection
	GlobalSection(SolutionProperties) = preSolution
		HideSolutionNode = FALSE
	EndGlobalSection
	GlobalSection(ExtensibilityGlobals) = postSolution
		SolutionGuid = {A4BC724A-E5F8-4F51-BCE1-23415A4F7D13}
	EndGlobalSection
EndGlobal
